
Microsoft Visual Studio Solution File, Format Version 12.00
# Visual Studio 15
VisualStudioVersion = 15.0.28307.438
MinimumVisualStudioVersion = 10.0.40219.1
Project("{FAE04EC0-301F-11D3-BF4B-00C04F79EFBC}") = "LetUsBringYourHomeStyle", "LetUsBringYourHomeStyle\LetUsBringYourHomeStyle.csproj", "{46152903-4FBE-4F2C-BA74-6B67C4364AFA}"
EndProject
Global
	GlobalSection(SolutionConfigurationPlatforms) = preSolution
		Debug|Any CPU = Debug|Any CPU
		Release|Any CPU = Release|Any CPU
	EndGlobalSection
	GlobalSection(ProjectConfigurationPlatforms) = postSolution
		{46152903-4FBE-4F2C-BA74-6B67C4364AFA}.Debug|Any CPU.ActiveCfg = Debug|Any CPU
		{46152903-4FBE-4F2C-BA74-6B67C4364AFA}.Debug|Any CPU.Build.0 = Debug|Any CPU
		{46152903-4FBE-4F2C-BA74-6B67C4364AFA}.Release|Any CPU.ActiveCfg = Release|Any CPU
		{46152903-4FBE-4F2C-BA74-6B67C4364AFA}.Release|Any CPU.Build.0 = Release|Any CPU
	EndGlobalSection
	GlobalSection(SolutionProperties) = preSolution
		HideSolutionNode = FALSE
	EndGlobalSection
	GlobalSection(ExtensibilityGlobals) = postSolution
		SolutionGuid = {6728F599-54FF-4385-B3C8-BBB0373CA214}
	EndGlobalSection
EndGlobal
